
Microsoft Visual Studio Solution File, Format Version 12.00
# Visual Studio Version 17
VisualStudioVersion = 17.0.31903.59
MinimumVisualStudioVersion = 10.0.40219.1
Project("{9A19103F-16F7-4668-BE54-9A1E7A4F7556}") = "BankStartWeb", "BankStartWeb\BankStartWeb.csproj", "{1CF4356E-2F30-4848-A3E0-046A5B76311B}"
EndProject
Project("{FAE04EC0-301F-11D3-BF4B-00C04F79EFBC}") = "TestProject1", "TestProject1\TestProject1.csproj", "{D0DD69DF-D93C-40BC-A574-558348DDED22}"
EndProject
Global
	GlobalSection(SolutionConfigurationPlatforms) = preSolution
		Debug|Any CPU = Debug|Any CPU
		Release|Any CPU = Release|Any CPU
	EndGlobalSection
	GlobalSection(ProjectConfigurationPlatforms) = postSolution
		{1CF4356E-2F30-4848-A3E0-046A5B76311B}.Debug|Any CPU.ActiveCfg = Debug|Any CPU
		{1CF4356E-2F30-4848-A3E0-046A5B76311B}.Debug|Any CPU.Build.0 = Debug|Any CPU
		{1CF4356E-2F30-4848-A3E0-046A5B76311B}.Release|Any CPU.ActiveCfg = Release|Any CPU
		{1CF4356E-2F30-4848-A3E0-046A5B76311B}.Release|Any CPU.Build.0 = Release|Any CPU
		{D0DD69DF-D93C-40BC-A574-558348DDED22}.Debug|Any CPU.ActiveCfg = Debug|Any CPU
		{D0DD69DF-D93C-40BC-A574-558348DDED22}.Debug|Any CPU.Build.0 = Debug|Any CPU
		{D0DD69DF-D93C-40BC-A574-558348DDED22}.Release|Any CPU.ActiveCfg = Release|Any CPU
		{D0DD69DF-D93C-40BC-A574-558348DDED22}.Release|Any CPU.Build.0 = Release|Any CPU
	EndGlobalSection
	GlobalSection(SolutionProperties) = preSolution
		HideSolutionNode = FALSE
	EndGlobalSection
	GlobalSection(ExtensibilityGlobals) = postSolution
		SolutionGuid = {8B34A336-68F3-4A8A-BE00-380CE2718663}
	EndGlobalSection
EndGlobal
